// !$*UTF8*$!
{
	archiveVersion = 1;
	classes = {
	};
	objectVersion = 51;
	objects = {

/* Begin PBXBuildFile section */
		01F104EF7AB6015DEC7362C7 /* Pods_bitcoin_converter.framework in Frameworks */ = {isa = PBXBuildFile; fileRef = 42CEC575F69691E067E1F92C /* Pods_bitcoin_converter.framework */; };
		551ED094247487970042DBBE /* bitcoin-converter.xcdatamodeld in Sources */ = {isa = PBXBuildFile; fileRef = 551ED092247487970042DBBE /* bitcoin-converter.xcdatamodeld */; };
		5535B0172487284B007E88E9 /* SelectedCurrencyUserDefaults.swift in Sources */ = {isa = PBXBuildFile; fileRef = 5535B0162487284B007E88E9 /* SelectedCurrencyUserDefaults.swift */; };
		5535B0192487369A007E88E9 /* CurrencyTableViewCell.swift in Sources */ = {isa = PBXBuildFile; fileRef = 5535B0182487369A007E88E9 /* CurrencyTableViewCell.swift */; };
		55485B9524AE8E8D00A76EDB /* CoinDataResponse.swift in Sources */ = {isa = PBXBuildFile; fileRef = 55485B9424AE8E8D00A76EDB /* CoinDataResponse.swift */; };
		5565D1DC246F5FD6009EABD7 /* AppDelegate.swift in Sources */ = {isa = PBXBuildFile; fileRef = 5565D1DB246F5FD6009EABD7 /* AppDelegate.swift */; };
		5565D1DE246F5FD6009EABD7 /* SceneDelegate.swift in Sources */ = {isa = PBXBuildFile; fileRef = 5565D1DD246F5FD6009EABD7 /* SceneDelegate.swift */; };
		5565D1E0246F5FD6009EABD7 /* SelectorViewController.swift in Sources */ = {isa = PBXBuildFile; fileRef = 5565D1DF246F5FD6009EABD7 /* SelectorViewController.swift */; };
		5565D1E3246F5FD6009EABD7 /* Main.storyboard in Resources */ = {isa = PBXBuildFile; fileRef = 5565D1E1246F5FD6009EABD7 /* Main.storyboard */; };
		5565D1E5246F5FD8009EABD7 /* Assets.xcassets in Resources */ = {isa = PBXBuildFile; fileRef = 5565D1E4246F5FD8009EABD7 /* Assets.xcassets */; };
		5565D1E8246F5FD8009EABD7 /* LaunchScreen.storyboard in Resources */ = {isa = PBXBuildFile; fileRef = 5565D1E6246F5FD8009EABD7 /* LaunchScreen.storyboard */; };
		5565D201246F6C8B009EABD7 /* CoinManager.swift in Sources */ = {isa = PBXBuildFile; fileRef = 5565D200246F6C8B009EABD7 /* CoinManager.swift */; };
		55758D4E248B115700B4FE9D /* IAProducts.swift in Sources */ = {isa = PBXBuildFile; fileRef = 55758D4D248B115700B4FE9D /* IAProducts.swift */; };
		55758D50248B169400B4FE9D /* IAHelper.swift in Sources */ = {isa = PBXBuildFile; fileRef = 55758D4F248B169400B4FE9D /* IAHelper.swift */; };
		55758D52248B2E4000B4FE9D /* StoreKit.framework in Frameworks */ = {isa = PBXBuildFile; fileRef = 55758D51248B2E4000B4FE9D /* StoreKit.framework */; };
		557CC0D724A954B200BF6BFA /* GoogleService-Info.plist in Resources */ = {isa = PBXBuildFile; fileRef = 557CC0D624A954B200BF6BFA /* GoogleService-Info.plist */; };
		55ACFF0B2492FEEF0076443A /* Localizable.strings in Resources */ = {isa = PBXBuildFile; fileRef = 55ACFF0D2492FEEF0076443A /* Localizable.strings */; };
		55AE83D42481F2F100D97525 /* CurrencyViewController.swift in Sources */ = {isa = PBXBuildFile; fileRef = 55AE83D32481F2F100D97525 /* CurrencyViewController.swift */; };
		55E5E9C2247896BD009B8EBD /* Config.swift in Sources */ = {isa = PBXBuildFile; fileRef = 55E5E9C1247896BD009B8EBD /* Config.swift */; };
		55E5E9C424789BEE009B8EBD /* CoinAPI.swift in Sources */ = {isa = PBXBuildFile; fileRef = 55E5E9C324789BEE009B8EBD /* CoinAPI.swift */; };
		55EB440F2499A06000053D71 /* ConfigTests.swift in Sources */ = {isa = PBXBuildFile; fileRef = 55EB440E2499A06000053D71 /* ConfigTests.swift */; };
		55EB44112499A2F100053D71 /* CurrencyViewControllerTests.swift in Sources */ = {isa = PBXBuildFile; fileRef = 55EB44102499A2F100053D71 /* CurrencyViewControllerTests.swift */; };
		55EB44132499A8A800053D71 /* CoinManagerTests.swift in Sources */ = {isa = PBXBuildFile; fileRef = 55EB44122499A8A800053D71 /* CoinManagerTests.swift */; };
		55EB44152499B2AD00053D71 /* CoinModel.swift in Sources */ = {isa = PBXBuildFile; fileRef = 55EB44142499B2AD00053D71 /* CoinModel.swift */; };
		55FB2C4A24905A53002A2CF3 /* SelectorTableViewCell.swift in Sources */ = {isa = PBXBuildFile; fileRef = 55FB2C4924905A53002A2CF3 /* SelectorTableViewCell.swift */; };
		9FE7984E11B1A8C54BAC065B /* Pods_bitcoin_converterTests.framework in Frameworks */ = {isa = PBXBuildFile; fileRef = EF86D8F52321C3EAC57EEBBF /* Pods_bitcoin_converterTests.framework */; };
		A92273A52479F705008BB896 /* DatabaseManager.swift in Sources */ = {isa = PBXBuildFile; fileRef = A92273A42479F705008BB896 /* DatabaseManager.swift */; };
/* End PBXBuildFile section */

/* Begin PBXContainerItemProxy section */
		55D13A5D247730E200A56E79 /* PBXContainerItemProxy */ = {
			isa = PBXContainerItemProxy;
			containerPortal = 5565D1D0246F5FD6009EABD7 /* Project object */;
			proxyType = 1;
			remoteGlobalIDString = 5565D1D7246F5FD6009EABD7;
			remoteInfo = "bitcoin-converter";
		};
/* End PBXContainerItemProxy section */

/* Begin PBXFileReference section */
		28F05F4772A4C6722F17F69F /* Pods-bitcoin-converter.debug.xcconfig */ = {isa = PBXFileReference; includeInIndex = 1; lastKnownFileType = text.xcconfig; name = "Pods-bitcoin-converter.debug.xcconfig"; path = "Target Support Files/Pods-bitcoin-converter/Pods-bitcoin-converter.debug.xcconfig"; sourceTree = "<group>"; };
		30F2FE1CBED4D188DC42D55F /* Pods-bitcoin-converterTests.release.xcconfig */ = {isa = PBXFileReference; includeInIndex = 1; lastKnownFileType = text.xcconfig; name = "Pods-bitcoin-converterTests.release.xcconfig"; path = "Target Support Files/Pods-bitcoin-converterTests/Pods-bitcoin-converterTests.release.xcconfig"; sourceTree = "<group>"; };
		42CEC575F69691E067E1F92C /* Pods_bitcoin_converter.framework */ = {isa = PBXFileReference; explicitFileType = wrapper.framework; includeInIndex = 0; path = Pods_bitcoin_converter.framework; sourceTree = BUILT_PRODUCTS_DIR; };
		551ED093247487970042DBBE /* bitcoin-converter.xcdatamodel */ = {isa = PBXFileReference; lastKnownFileType = wrapper.xcdatamodel; path = "bitcoin-converter.xcdatamodel"; sourceTree = "<group>"; };
		5535B0162487284B007E88E9 /* SelectedCurrencyUserDefaults.swift */ = {isa = PBXFileReference; lastKnownFileType = sourcecode.swift; path = SelectedCurrencyUserDefaults.swift; sourceTree = "<group>"; };
		5535B0182487369A007E88E9 /* CurrencyTableViewCell.swift */ = {isa = PBXFileReference; lastKnownFileType = sourcecode.swift; path = CurrencyTableViewCell.swift; sourceTree = "<group>"; };
		55485B9424AE8E8D00A76EDB /* CoinDataResponse.swift */ = {isa = PBXFileReference; lastKnownFileType = sourcecode.swift; path = CoinDataResponse.swift; sourceTree = "<group>"; };
		5565D1D8246F5FD6009EABD7 /* Bitcoin Check.app */ = {isa = PBXFileReference; explicitFileType = wrapper.application; includeInIndex = 0; path = "Bitcoin Check.app"; sourceTree = BUILT_PRODUCTS_DIR; };
		5565D1DB246F5FD6009EABD7 /* AppDelegate.swift */ = {isa = PBXFileReference; lastKnownFileType = sourcecode.swift; path = AppDelegate.swift; sourceTree = "<group>"; };
		5565D1DD246F5FD6009EABD7 /* SceneDelegate.swift */ = {isa = PBXFileReference; lastKnownFileType = sourcecode.swift; path = SceneDelegate.swift; sourceTree = "<group>"; };
		5565D1DF246F5FD6009EABD7 /* SelectorViewController.swift */ = {isa = PBXFileReference; lastKnownFileType = sourcecode.swift; path = SelectorViewController.swift; sourceTree = "<group>"; };
		5565D1E2246F5FD6009EABD7 /* Base */ = {isa = PBXFileReference; lastKnownFileType = file.storyboard; name = Base; path = Base.lproj/Main.storyboard; sourceTree = "<group>"; };
		5565D1E4246F5FD8009EABD7 /* Assets.xcassets */ = {isa = PBXFileReference; lastKnownFileType = folder.assetcatalog; path = Assets.xcassets; sourceTree = "<group>"; };
		5565D1E7246F5FD8009EABD7 /* Base */ = {isa = PBXFileReference; lastKnownFileType = file.storyboard; name = Base; path = Base.lproj/LaunchScreen.storyboard; sourceTree = "<group>"; };
		5565D1E9246F5FD8009EABD7 /* Info.plist */ = {isa = PBXFileReference; lastKnownFileType = text.plist.xml; path = Info.plist; sourceTree = "<group>"; };
		5565D200246F6C8B009EABD7 /* CoinManager.swift */ = {isa = PBXFileReference; lastKnownFileType = sourcecode.swift; path = CoinManager.swift; sourceTree = "<group>"; };
		55758D4D248B115700B4FE9D /* IAProducts.swift */ = {isa = PBXFileReference; lastKnownFileType = sourcecode.swift; path = IAProducts.swift; sourceTree = "<group>"; };
		55758D4F248B169400B4FE9D /* IAHelper.swift */ = {isa = PBXFileReference; lastKnownFileType = sourcecode.swift; path = IAHelper.swift; sourceTree = "<group>"; };
		55758D51248B2E4000B4FE9D /* StoreKit.framework */ = {isa = PBXFileReference; lastKnownFileType = wrapper.framework; name = StoreKit.framework; path = System/Library/Frameworks/StoreKit.framework; sourceTree = SDKROOT; };
		55758D53248B2F3700B4FE9D /* Bitcoin Check.entitlements */ = {isa = PBXFileReference; lastKnownFileType = text.plist.entitlements; path = "Bitcoin Check.entitlements"; sourceTree = "<group>"; };
		557CC0D624A954B200BF6BFA /* GoogleService-Info.plist */ = {isa = PBXFileReference; fileEncoding = 4; lastKnownFileType = text.plist.xml; path = "GoogleService-Info.plist"; sourceTree = "<group>"; };
		55ACFF0C2492FEEF0076443A /* en */ = {isa = PBXFileReference; lastKnownFileType = text.plist.strings; name = en; path = en.lproj/Localizable.strings; sourceTree = "<group>"; };
		55ACFF0E2492FEF20076443A /* pt-BR */ = {isa = PBXFileReference; lastKnownFileType = text.plist.strings; name = "pt-BR"; path = "pt-BR.lproj/Localizable.strings"; sourceTree = "<group>"; };
		55AE83D32481F2F100D97525 /* CurrencyViewController.swift */ = {isa = PBXFileReference; lastKnownFileType = sourcecode.swift; path = CurrencyViewController.swift; sourceTree = "<group>"; };
		55D13A58247730E200A56E79 /* bitcoin-converterTests.xctest */ = {isa = PBXFileReference; explicitFileType = wrapper.cfbundle; includeInIndex = 0; path = "bitcoin-converterTests.xctest"; sourceTree = BUILT_PRODUCTS_DIR; };
		55D13A5C247730E200A56E79 /* Info.plist */ = {isa = PBXFileReference; lastKnownFileType = text.plist.xml; path = Info.plist; sourceTree = "<group>"; };
		55E5E9C1247896BD009B8EBD /* Config.swift */ = {isa = PBXFileReference; lastKnownFileType = sourcecode.swift; path = Config.swift; sourceTree = "<group>"; };
		55E5E9C324789BEE009B8EBD /* CoinAPI.swift */ = {isa = PBXFileReference; lastKnownFileType = sourcecode.swift; path = CoinAPI.swift; sourceTree = "<group>"; };
		55EB440E2499A06000053D71 /* ConfigTests.swift */ = {isa = PBXFileReference; lastKnownFileType = sourcecode.swift; path = ConfigTests.swift; sourceTree = "<group>"; };
		55EB44102499A2F100053D71 /* CurrencyViewControllerTests.swift */ = {isa = PBXFileReference; lastKnownFileType = sourcecode.swift; path = CurrencyViewControllerTests.swift; sourceTree = "<group>"; };
		55EB44122499A8A800053D71 /* CoinManagerTests.swift */ = {isa = PBXFileReference; lastKnownFileType = sourcecode.swift; path = CoinManagerTests.swift; sourceTree = "<group>"; };
		55EB44142499B2AD00053D71 /* CoinModel.swift */ = {isa = PBXFileReference; lastKnownFileType = sourcecode.swift; path = CoinModel.swift; sourceTree = "<group>"; };
		55FB2C4924905A53002A2CF3 /* SelectorTableViewCell.swift */ = {isa = PBXFileReference; lastKnownFileType = sourcecode.swift; path = SelectorTableViewCell.swift; sourceTree = "<group>"; };
		A92273A42479F705008BB896 /* DatabaseManager.swift */ = {isa = PBXFileReference; lastKnownFileType = sourcecode.swift; path = DatabaseManager.swift; sourceTree = "<group>"; };
		B325508BA74EE27812C2220B /* Pods-bitcoin-converterTests.debug.xcconfig */ = {isa = PBXFileReference; includeInIndex = 1; lastKnownFileType = text.xcconfig; name = "Pods-bitcoin-converterTests.debug.xcconfig"; path = "Target Support Files/Pods-bitcoin-converterTests/Pods-bitcoin-converterTests.debug.xcconfig"; sourceTree = "<group>"; };
		EF86D8F52321C3EAC57EEBBF /* Pods_bitcoin_converterTests.framework */ = {isa = PBXFileReference; explicitFileType = wrapper.framework; includeInIndex = 0; path = Pods_bitcoin_converterTests.framework; sourceTree = BUILT_PRODUCTS_DIR; };
		FF8FB3D520779A137D5BEF19 /* Pods-bitcoin-converter.release.xcconfig */ = {isa = PBXFileReference; includeInIndex = 1; lastKnownFileType = text.xcconfig; name = "Pods-bitcoin-converter.release.xcconfig"; path = "Target Support Files/Pods-bitcoin-converter/Pods-bitcoin-converter.release.xcconfig"; sourceTree = "<group>"; };
/* End PBXFileReference section */

/* Begin PBXFrameworksBuildPhase section */
		5565D1D5246F5FD6009EABD7 /* Frameworks */ = {
			isa = PBXFrameworksBuildPhase;
			buildActionMask = 2147483647;
			files = (
				01F104EF7AB6015DEC7362C7 /* Pods_bitcoin_converter.framework in Frameworks */,
				55758D52248B2E4000B4FE9D /* StoreKit.framework in Frameworks */,
			);
			runOnlyForDeploymentPostprocessing = 0;
		};
		55D13A55247730E200A56E79 /* Frameworks */ = {
			isa = PBXFrameworksBuildPhase;
			buildActionMask = 2147483647;
			files = (
				9FE7984E11B1A8C54BAC065B /* Pods_bitcoin_converterTests.framework in Frameworks */,
			);
			runOnlyForDeploymentPostprocessing = 0;
		};
/* End PBXFrameworksBuildPhase section */

/* Begin PBXGroup section */
		2A4CF369D2CCDA3F3EC76620 /* Pods */ = {
			isa = PBXGroup;
			children = (
				28F05F4772A4C6722F17F69F /* Pods-bitcoin-converter.debug.xcconfig */,
				FF8FB3D520779A137D5BEF19 /* Pods-bitcoin-converter.release.xcconfig */,
				B325508BA74EE27812C2220B /* Pods-bitcoin-converterTests.debug.xcconfig */,
				30F2FE1CBED4D188DC42D55F /* Pods-bitcoin-converterTests.release.xcconfig */,
			);
			path = Pods;
			sourceTree = "<group>";
		};
		5565D1CF246F5FD6009EABD7 = {
			isa = PBXGroup;
			children = (
				5565D1DA246F5FD6009EABD7 /* bitcoin-converter */,
				55D13A59247730E200A56E79 /* bitcoin-converterTests */,
				5565D1D9246F5FD6009EABD7 /* Products */,
				2A4CF369D2CCDA3F3EC76620 /* Pods */,
				A075E8FB47F01018667204DC /* Frameworks */,
			);
			sourceTree = "<group>";
		};
		5565D1D9246F5FD6009EABD7 /* Products */ = {
			isa = PBXGroup;
			children = (
				5565D1D8246F5FD6009EABD7 /* Bitcoin Check.app */,
				55D13A58247730E200A56E79 /* bitcoin-converterTests.xctest */,
			);
			name = Products;
			sourceTree = "<group>";
		};
		5565D1DA246F5FD6009EABD7 /* bitcoin-converter */ = {
			isa = PBXGroup;
			children = (
				55758D53248B2F3700B4FE9D /* Bitcoin Check.entitlements */,
				5565D1DB246F5FD6009EABD7 /* AppDelegate.swift */,
				5565D1DD246F5FD6009EABD7 /* SceneDelegate.swift */,
				55758D4C248B113B00B4FE9D /* IAP */,
				55E5E9C024789699009B8EBD /* Component */,
				5565D1FD246F6025009EABD7 /* Model */,
				5565D1FE246F605B009EABD7 /* View */,
				5565D1FF246F6073009EABD7 /* Controller */,
				A92273A32479F6E3008BB896 /* Manager */,
				5565D1E4246F5FD8009EABD7 /* Assets.xcassets */,
				5565D1E6246F5FD8009EABD7 /* LaunchScreen.storyboard */,
				5565D1E9246F5FD8009EABD7 /* Info.plist */,
				557CC0D624A954B200BF6BFA /* GoogleService-Info.plist */,
				551ED092247487970042DBBE /* bitcoin-converter.xcdatamodeld */,
			);
			path = "bitcoin-converter";
			sourceTree = "<group>";
		};
		5565D1FD246F6025009EABD7 /* Model */ = {
			isa = PBXGroup;
			children = (
				5565D200246F6C8B009EABD7 /* CoinManager.swift */,
				55EB44142499B2AD00053D71 /* CoinModel.swift */,
				55E5E9C324789BEE009B8EBD /* CoinAPI.swift */,
				5535B0162487284B007E88E9 /* SelectedCurrencyUserDefaults.swift */,
				55485B9424AE8E8D00A76EDB /* CoinDataResponse.swift */,
			);
			path = Model;
			sourceTree = "<group>";
		};
		5565D1FE246F605B009EABD7 /* View */ = {
			isa = PBXGroup;
			children = (
				5565D1E1246F5FD6009EABD7 /* Main.storyboard */,
				55ACFF0D2492FEEF0076443A /* Localizable.strings */,
			);
			path = View;
			sourceTree = "<group>";
		};
		5565D1FF246F6073009EABD7 /* Controller */ = {
			isa = PBXGroup;
			children = (
				5565D1DF246F5FD6009EABD7 /* SelectorViewController.swift */,
				55FB2C4924905A53002A2CF3 /* SelectorTableViewCell.swift */,
				55AE83D32481F2F100D97525 /* CurrencyViewController.swift */,
				5535B0182487369A007E88E9 /* CurrencyTableViewCell.swift */,
			);
			path = Controller;
			sourceTree = "<group>";
		};
		55758D4C248B113B00B4FE9D /* IAP */ = {
			isa = PBXGroup;
			children = (
				55758D4D248B115700B4FE9D /* IAProducts.swift */,
				55758D4F248B169400B4FE9D /* IAHelper.swift */,
			);
			path = IAP;
			sourceTree = "<group>";
		};
		55D13A59247730E200A56E79 /* bitcoin-converterTests */ = {
			isa = PBXGroup;
			children = (
				55EB440E2499A06000053D71 /* ConfigTests.swift */,
				55EB44102499A2F100053D71 /* CurrencyViewControllerTests.swift */,
				55EB44122499A8A800053D71 /* CoinManagerTests.swift */,
				55D13A5C247730E200A56E79 /* Info.plist */,
			);
			path = "bitcoin-converterTests";
			sourceTree = "<group>";
		};
		55E5E9C024789699009B8EBD /* Component */ = {
			isa = PBXGroup;
			children = (
				55E5E9C1247896BD009B8EBD /* Config.swift */,
			);
			path = Component;
			sourceTree = "<group>";
		};
		A075E8FB47F01018667204DC /* Frameworks */ = {
			isa = PBXGroup;
			children = (
				55758D51248B2E4000B4FE9D /* StoreKit.framework */,
				42CEC575F69691E067E1F92C /* Pods_bitcoin_converter.framework */,
				EF86D8F52321C3EAC57EEBBF /* Pods_bitcoin_converterTests.framework */,
			);
			name = Frameworks;
			sourceTree = "<group>";
		};
		A92273A32479F6E3008BB896 /* Manager */ = {
			isa = PBXGroup;
			children = (
				A92273A42479F705008BB896 /* DatabaseManager.swift */,
			);
			path = Manager;
			sourceTree = "<group>";
		};
/* End PBXGroup section */

/* Begin PBXNativeTarget section */
		5565D1D7246F5FD6009EABD7 /* bitcoin-converter */ = {
			isa = PBXNativeTarget;
			buildConfigurationList = 5565D1F7246F5FD9009EABD7 /* Build configuration list for PBXNativeTarget "bitcoin-converter" */;
			buildPhases = (
				76621AE11DF05C701632DB99 /* [CP] Check Pods Manifest.lock */,
				5565D1D4246F5FD6009EABD7 /* Sources */,
				5565D1D5246F5FD6009EABD7 /* Frameworks */,
				5565D1D6246F5FD6009EABD7 /* Resources */,
				55D13A632477360B00A56E79 /* Run Script */,
				4C58786D560C5388154F6D0C /* [CP] Embed Pods Frameworks */,
			);
			buildRules = (
			);
			dependencies = (
			);
			name = "bitcoin-converter";
			productName = BTConverter;
			productReference = 5565D1D8246F5FD6009EABD7 /* Bitcoin Check.app */;
			productType = "com.apple.product-type.application";
		};
		55D13A57247730E200A56E79 /* bitcoin-converterTests */ = {
			isa = PBXNativeTarget;
			buildConfigurationList = 55D13A5F247730E200A56E79 /* Build configuration list for PBXNativeTarget "bitcoin-converterTests" */;
			buildPhases = (
				5638B4D4BC9F1AB91F3EEA80 /* [CP] Check Pods Manifest.lock */,
				55D13A54247730E200A56E79 /* Sources */,
				55D13A55247730E200A56E79 /* Frameworks */,
				55D13A56247730E200A56E79 /* Resources */,
				24CEB952F83AD20A04F28C64 /* [CP] Embed Pods Frameworks */,
			);
			buildRules = (
			);
			dependencies = (
				55D13A5E247730E200A56E79 /* PBXTargetDependency */,
			);
			name = "bitcoin-converterTests";
			productName = "bitcoin-converterTests";
			productReference = 55D13A58247730E200A56E79 /* bitcoin-converterTests.xctest */;
			productType = "com.apple.product-type.bundle.unit-test";
		};
/* End PBXNativeTarget section */

/* Begin PBXProject section */
		5565D1D0246F5FD6009EABD7 /* Project object */ = {
			isa = PBXProject;
			attributes = {
				LastSwiftUpdateCheck = 1150;
				LastUpgradeCheck = 1140;
				ORGANIZATIONNAME = "Felipe Weber";
				TargetAttributes = {
					5565D1D7246F5FD6009EABD7 = {
						CreatedOnToolsVersion = 11.4.1;
					};
					55D13A57247730E200A56E79 = {
						CreatedOnToolsVersion = 11.5;
						LastSwiftMigration = 1150;
						TestTargetID = 5565D1D7246F5FD6009EABD7;
					};
				};
			};
			buildConfigurationList = 5565D1D3246F5FD6009EABD7 /* Build configuration list for PBXProject "bitcoin-converter" */;
			compatibilityVersion = "Xcode 9.3";
			developmentRegion = en;
			hasScannedForEncodings = 0;
			knownRegions = (
				en,
				Base,
				"pt-BR",
			);
			mainGroup = 5565D1CF246F5FD6009EABD7;
			productRefGroup = 5565D1D9246F5FD6009EABD7 /* Products */;
			projectDirPath = "";
			projectRoot = "";
			targets = (
				5565D1D7246F5FD6009EABD7 /* bitcoin-converter */,
				55D13A57247730E200A56E79 /* bitcoin-converterTests */,
			);
		};
/* End PBXProject section */

/* Begin PBXResourcesBuildPhase section */
		5565D1D6246F5FD6009EABD7 /* Resources */ = {
			isa = PBXResourcesBuildPhase;
			buildActionMask = 2147483647;
			files = (
				5565D1E8246F5FD8009EABD7 /* LaunchScreen.storyboard in Resources */,
				55ACFF0B2492FEEF0076443A /* Localizable.strings in Resources */,
				557CC0D724A954B200BF6BFA /* GoogleService-Info.plist in Resources */,
				5565D1E5246F5FD8009EABD7 /* Assets.xcassets in Resources */,
				5565D1E3246F5FD6009EABD7 /* Main.storyboard in Resources */,
			);
			runOnlyForDeploymentPostprocessing = 0;
		};
		55D13A56247730E200A56E79 /* Resources */ = {
			isa = PBXResourcesBuildPhase;
			buildActionMask = 2147483647;
			files = (
			);
			runOnlyForDeploymentPostprocessing = 0;
		};
/* End PBXResourcesBuildPhase section */

/* Begin PBXShellScriptBuildPhase section */
		24CEB952F83AD20A04F28C64 /* [CP] Embed Pods Frameworks */ = {
			isa = PBXShellScriptBuildPhase;
			buildActionMask = 2147483647;
			files = (
			);
			inputFileListPaths = (
				"${PODS_ROOT}/Target Support Files/Pods-bitcoin-converterTests/Pods-bitcoin-converterTests-frameworks-${CONFIGURATION}-input-files.xcfilelist",
			);
			name = "[CP] Embed Pods Frameworks";
			outputFileListPaths = (
				"${PODS_ROOT}/Target Support Files/Pods-bitcoin-converterTests/Pods-bitcoin-converterTests-frameworks-${CONFIGURATION}-output-files.xcfilelist",
			);
			runOnlyForDeploymentPostprocessing = 0;
			shellPath = /bin/sh;
			shellScript = "\"${PODS_ROOT}/Target Support Files/Pods-bitcoin-converterTests/Pods-bitcoin-converterTests-frameworks.sh\"\n";
			showEnvVarsInLog = 0;
		};
		4C58786D560C5388154F6D0C /* [CP] Embed Pods Frameworks */ = {
			isa = PBXShellScriptBuildPhase;
			buildActionMask = 2147483647;
			files = (
			);
			inputFileListPaths = (
				"${PODS_ROOT}/Target Support Files/Pods-bitcoin-converter/Pods-bitcoin-converter-frameworks-${CONFIGURATION}-input-files.xcfilelist",
			);
			name = "[CP] Embed Pods Frameworks";
			outputFileListPaths = (
				"${PODS_ROOT}/Target Support Files/Pods-bitcoin-converter/Pods-bitcoin-converter-frameworks-${CONFIGURATION}-output-files.xcfilelist",
			);
			runOnlyForDeploymentPostprocessing = 0;
			shellPath = /bin/sh;
			shellScript = "\"${PODS_ROOT}/Target Support Files/Pods-bitcoin-converter/Pods-bitcoin-converter-frameworks.sh\"\n";
			showEnvVarsInLog = 0;
		};
		55D13A632477360B00A56E79 /* Run Script */ = {
			isa = PBXShellScriptBuildPhase;
			buildActionMask = 2147483647;
			files = (
			);
			inputFileListPaths = (
			);
			inputPaths = (
			);
			name = "Run Script";
			outputFileListPaths = (
			);
			outputPaths = (
			);
			runOnlyForDeploymentPostprocessing = 0;
			shellPath = /bin/sh;
			shellScript = "# Define output file. Change \"${PROJECT_DIR}/${PROJECT_NAME}Tests\" to your test's root source folder, if it's not the default name.\nOUTPUT_FILE=\"${PROJECT_DIR}/${PROJECT_NAME}Tests/GeneratedMocks.swift\"\necho \"Generated Mocks File = ${OUTPUT_FILE}\"\n\n# Define input directory. Change \"${PROJECT_DIR}/${PROJECT_NAME}\" to your project's root source folder, if it's not the default name.\nINPUT_DIR=\"${PROJECT_DIR}/${PROJECT_NAME}\"\necho \"Mocks Input Directory = ${INPUT_DIR}\"\n\n# Generate mock files, include as many input files as you'd like to create mocks for.\n\"${PODS_ROOT}/Cuckoo/run\" generate --testable \"${PROJECT_NAME}\" \\\n--output \"${OUTPUT_FILE}\" \\\n\"${INPUT_DIR}/Model/CoinManager.swift\" \\\n# ... and so forth, the last line should never end with a backslash\n\n# After running once, locate `GeneratedMocks.swift` and drag it into your Xcode test target group.\n";
		};
		5638B4D4BC9F1AB91F3EEA80 /* [CP] Check Pods Manifest.lock */ = {
			isa = PBXShellScriptBuildPhase;
			buildActionMask = 2147483647;
			files = (
			);
			inputFileListPaths = (
			);
			inputPaths = (
				"${PODS_PODFILE_DIR_PATH}/Podfile.lock",
				"${PODS_ROOT}/Manifest.lock",
			);
			name = "[CP] Check Pods Manifest.lock";
			outputFileListPaths = (
			);
			outputPaths = (
				"$(DERIVED_FILE_DIR)/Pods-bitcoin-converterTests-checkManifestLockResult.txt",
			);
			runOnlyForDeploymentPostprocessing = 0;
			shellPath = /bin/sh;
			shellScript = "diff \"${PODS_PODFILE_DIR_PATH}/Podfile.lock\" \"${PODS_ROOT}/Manifest.lock\" > /dev/null\nif [ $? != 0 ] ; then\n    # print error to STDERR\n    echo \"error: The sandbox is not in sync with the Podfile.lock. Run 'pod install' or update your CocoaPods installation.\" >&2\n    exit 1\nfi\n# This output is used by Xcode 'outputs' to avoid re-running this script phase.\necho \"SUCCESS\" > \"${SCRIPT_OUTPUT_FILE_0}\"\n";
			showEnvVarsInLog = 0;
		};
		76621AE11DF05C701632DB99 /* [CP] Check Pods Manifest.lock */ = {
			isa = PBXShellScriptBuildPhase;
			buildActionMask = 2147483647;
			files = (
			);
			inputFileListPaths = (
			);
			inputPaths = (
				"${PODS_PODFILE_DIR_PATH}/Podfile.lock",
				"${PODS_ROOT}/Manifest.lock",
			);
			name = "[CP] Check Pods Manifest.lock";
			outputFileListPaths = (
			);
			outputPaths = (
				"$(DERIVED_FILE_DIR)/Pods-bitcoin-converter-checkManifestLockResult.txt",
			);
			runOnlyForDeploymentPostprocessing = 0;
			shellPath = /bin/sh;
			shellScript = "diff \"${PODS_PODFILE_DIR_PATH}/Podfile.lock\" \"${PODS_ROOT}/Manifest.lock\" > /dev/null\nif [ $? != 0 ] ; then\n    # print error to STDERR\n    echo \"error: The sandbox is not in sync with the Podfile.lock. Run 'pod install' or update your CocoaPods installation.\" >&2\n    exit 1\nfi\n# This output is used by Xcode 'outputs' to avoid re-running this script phase.\necho \"SUCCESS\" > \"${SCRIPT_OUTPUT_FILE_0}\"\n";
			showEnvVarsInLog = 0;
		};
/* End PBXShellScriptBuildPhase section */

/* Begin PBXSourcesBuildPhase section */
		5565D1D4246F5FD6009EABD7 /* Sources */ = {
			isa = PBXSourcesBuildPhase;
			buildActionMask = 2147483647;
			files = (
				A92273A52479F705008BB896 /* DatabaseManager.swift in Sources */,
				55758D4E248B115700B4FE9D /* IAProducts.swift in Sources */,
				5535B0172487284B007E88E9 /* SelectedCurrencyUserDefaults.swift in Sources */,
				55485B9524AE8E8D00A76EDB /* CoinDataResponse.swift in Sources */,
				5565D201246F6C8B009EABD7 /* CoinManager.swift in Sources */,
				55FB2C4A24905A53002A2CF3 /* SelectorTableViewCell.swift in Sources */,
				551ED094247487970042DBBE /* bitcoin-converter.xcdatamodeld in Sources */,
				55758D50248B169400B4FE9D /* IAHelper.swift in Sources */,
				5565D1E0246F5FD6009EABD7 /* SelectorViewController.swift in Sources */,
				5535B0192487369A007E88E9 /* CurrencyTableViewCell.swift in Sources */,
				5565D1DC246F5FD6009EABD7 /* AppDelegate.swift in Sources */,
				55EB44152499B2AD00053D71 /* CoinModel.swift in Sources */,
				5565D1DE246F5FD6009EABD7 /* SceneDelegate.swift in Sources */,
				55E5E9C424789BEE009B8EBD /* CoinAPI.swift in Sources */,
				55AE83D42481F2F100D97525 /* CurrencyViewController.swift in Sources */,
				55E5E9C2247896BD009B8EBD /* Config.swift in Sources */,
			);
			runOnlyForDeploymentPostprocessing = 0;
		};
		55D13A54247730E200A56E79 /* Sources */ = {
			isa = PBXSourcesBuildPhase;
			buildActionMask = 2147483647;
			files = (
				55EB440F2499A06000053D71 /* ConfigTests.swift in Sources */,
				55EB44112499A2F100053D71 /* CurrencyViewControllerTests.swift in Sources */,
				55EB44132499A8A800053D71 /* CoinManagerTests.swift in Sources */,
			);
			runOnlyForDeploymentPostprocessing = 0;
		};
/* End PBXSourcesBuildPhase section */

/* Begin PBXTargetDependency section */
		55D13A5E247730E200A56E79 /* PBXTargetDependency */ = {
			isa = PBXTargetDependency;
			target = 5565D1D7246F5FD6009EABD7 /* bitcoin-converter */;
			targetProxy = 55D13A5D247730E200A56E79 /* PBXContainerItemProxy */;
		};
/* End PBXTargetDependency section */

/* Begin PBXVariantGroup section */
		5565D1E1246F5FD6009EABD7 /* Main.storyboard */ = {
			isa = PBXVariantGroup;
			children = (
				5565D1E2246F5FD6009EABD7 /* Base */,
			);
			name = Main.storyboard;
			sourceTree = "<group>";
		};
		5565D1E6246F5FD8009EABD7 /* LaunchScreen.storyboard */ = {
			isa = PBXVariantGroup;
			children = (
				5565D1E7246F5FD8009EABD7 /* Base */,
			);
			name = LaunchScreen.storyboard;
			sourceTree = "<group>";
		};
		55ACFF0D2492FEEF0076443A /* Localizable.strings */ = {
			isa = PBXVariantGroup;
			children = (
				55ACFF0C2492FEEF0076443A /* en */,
				55ACFF0E2492FEF20076443A /* pt-BR */,
			);
			name = Localizable.strings;
			sourceTree = "<group>";
		};
/* End PBXVariantGroup section */

/* Begin XCBuildConfiguration section */
		5565D1F5246F5FD9009EABD7 /* Debug */ = {
			isa = XCBuildConfiguration;
			buildSettings = {
				ALWAYS_SEARCH_USER_PATHS = NO;
				CLANG_ANALYZER_LOCALIZABILITY_NONLOCALIZED = YES;
				CLANG_ANALYZER_NONNULL = YES;
				CLANG_ANALYZER_NUMBER_OBJECT_CONVERSION = YES_AGGRESSIVE;
				CLANG_CXX_LANGUAGE_STANDARD = "gnu++14";
				CLANG_CXX_LIBRARY = "libc++";
				CLANG_ENABLE_MODULES = YES;
				CLANG_ENABLE_OBJC_ARC = YES;
				CLANG_ENABLE_OBJC_WEAK = YES;
				CLANG_WARN_BLOCK_CAPTURE_AUTORELEASING = YES;
				CLANG_WARN_BOOL_CONVERSION = YES;
				CLANG_WARN_COMMA = YES;
				CLANG_WARN_CONSTANT_CONVERSION = YES;
				CLANG_WARN_DEPRECATED_OBJC_IMPLEMENTATIONS = YES;
				CLANG_WARN_DIRECT_OBJC_ISA_USAGE = YES_ERROR;
				CLANG_WARN_DOCUMENTATION_COMMENTS = YES;
				CLANG_WARN_EMPTY_BODY = YES;
				CLANG_WARN_ENUM_CONVERSION = YES;
				CLANG_WARN_INFINITE_RECURSION = YES;
				CLANG_WARN_INT_CONVERSION = YES;
				CLANG_WARN_NON_LITERAL_NULL_CONVERSION = YES;
				CLANG_WARN_OBJC_IMPLICIT_RETAIN_SELF = YES;
				CLANG_WARN_OBJC_LITERAL_CONVERSION = YES;
				CLANG_WARN_OBJC_ROOT_CLASS = YES_ERROR;
				CLANG_WARN_RANGE_LOOP_ANALYSIS = YES;
				CLANG_WARN_STRICT_PROTOTYPES = YES;
				CLANG_WARN_SUSPICIOUS_MOVE = YES;
				CLANG_WARN_UNGUARDED_AVAILABILITY = YES_AGGRESSIVE;
				CLANG_WARN_UNREACHABLE_CODE = YES;
				CLANG_WARN__DUPLICATE_METHOD_MATCH = YES;
				COPY_PHASE_STRIP = NO;
				DEBUG_INFORMATION_FORMAT = dwarf;
				ENABLE_STRICT_OBJC_MSGSEND = YES;
				ENABLE_TESTABILITY = YES;
				GCC_C_LANGUAGE_STANDARD = gnu11;
				GCC_DYNAMIC_NO_PIC = NO;
				GCC_NO_COMMON_BLOCKS = YES;
				GCC_OPTIMIZATION_LEVEL = 0;
				GCC_PREPROCESSOR_DEFINITIONS = (
					"DEBUG=1",
					"$(inherited)",
				);
				GCC_WARN_64_TO_32_BIT_CONVERSION = YES;
				GCC_WARN_ABOUT_RETURN_TYPE = YES_ERROR;
				GCC_WARN_UNDECLARED_SELECTOR = YES;
				GCC_WARN_UNINITIALIZED_AUTOS = YES_AGGRESSIVE;
				GCC_WARN_UNUSED_FUNCTION = YES;
				GCC_WARN_UNUSED_VARIABLE = YES;
				IPHONEOS_DEPLOYMENT_TARGET = 13.0;
				MTL_ENABLE_DEBUG_INFO = INCLUDE_SOURCE;
				MTL_FAST_MATH = YES;
				ONLY_ACTIVE_ARCH = YES;
				SDKROOT = iphoneos;
				SWIFT_ACTIVE_COMPILATION_CONDITIONS = DEBUG;
				SWIFT_OPTIMIZATION_LEVEL = "-Onone";
			};
			name = Debug;
		};
		5565D1F6246F5FD9009EABD7 /* Release */ = {
			isa = XCBuildConfiguration;
			buildSettings = {
				ALWAYS_SEARCH_USER_PATHS = NO;
				CLANG_ANALYZER_LOCALIZABILITY_NONLOCALIZED = YES;
				CLANG_ANALYZER_NONNULL = YES;
				CLANG_ANALYZER_NUMBER_OBJECT_CONVERSION = YES_AGGRESSIVE;
				CLANG_CXX_LANGUAGE_STANDARD = "gnu++14";
				CLANG_CXX_LIBRARY = "libc++";
				CLANG_ENABLE_MODULES = YES;
				CLANG_ENABLE_OBJC_ARC = YES;
				CLANG_ENABLE_OBJC_WEAK = YES;
				CLANG_WARN_BLOCK_CAPTURE_AUTORELEASING = YES;
				CLANG_WARN_BOOL_CONVERSION = YES;
				CLANG_WARN_COMMA = YES;
				CLANG_WARN_CONSTANT_CONVERSION = YES;
				CLANG_WARN_DEPRECATED_OBJC_IMPLEMENTATIONS = YES;
				CLANG_WARN_DIRECT_OBJC_ISA_USAGE = YES_ERROR;
				CLANG_WARN_DOCUMENTATION_COMMENTS = YES;
				CLANG_WARN_EMPTY_BODY = YES;
				CLANG_WARN_ENUM_CONVERSION = YES;
				CLANG_WARN_INFINITE_RECURSION = YES;
				CLANG_WARN_INT_CONVERSION = YES;
				CLANG_WARN_NON_LITERAL_NULL_CONVERSION = YES;
				CLANG_WARN_OBJC_IMPLICIT_RETAIN_SELF = YES;
				CLANG_WARN_OBJC_LITERAL_CONVERSION = YES;
				CLANG_WARN_OBJC_ROOT_CLASS = YES_ERROR;
				CLANG_WARN_RANGE_LOOP_ANALYSIS = YES;
				CLANG_WARN_STRICT_PROTOTYPES = YES;
				CLANG_WARN_SUSPICIOUS_MOVE = YES;
				CLANG_WARN_UNGUARDED_AVAILABILITY = YES_AGGRESSIVE;
				CLANG_WARN_UNREACHABLE_CODE = YES;
				CLANG_WARN__DUPLICATE_METHOD_MATCH = YES;
				COPY_PHASE_STRIP = NO;
				DEBUG_INFORMATION_FORMAT = "dwarf-with-dsym";
				ENABLE_NS_ASSERTIONS = NO;
				ENABLE_STRICT_OBJC_MSGSEND = YES;
				GCC_C_LANGUAGE_STANDARD = gnu11;
				GCC_NO_COMMON_BLOCKS = YES;
				GCC_WARN_64_TO_32_BIT_CONVERSION = YES;
				GCC_WARN_ABOUT_RETURN_TYPE = YES_ERROR;
				GCC_WARN_UNDECLARED_SELECTOR = YES;
				GCC_WARN_UNINITIALIZED_AUTOS = YES_AGGRESSIVE;
				GCC_WARN_UNUSED_FUNCTION = YES;
				GCC_WARN_UNUSED_VARIABLE = YES;
				IPHONEOS_DEPLOYMENT_TARGET = 13.0;
				MTL_ENABLE_DEBUG_INFO = NO;
				MTL_FAST_MATH = YES;
				SDKROOT = iphoneos;
				SWIFT_COMPILATION_MODE = wholemodule;
				SWIFT_OPTIMIZATION_LEVEL = "-O";
				VALIDATE_PRODUCT = YES;
			};
			name = Release;
		};
		5565D1F8246F5FD9009EABD7 /* Debug */ = {
			isa = XCBuildConfiguration;
			baseConfigurationReference = 28F05F4772A4C6722F17F69F /* Pods-bitcoin-converter.debug.xcconfig */;
			buildSettings = {
				ASSETCATALOG_COMPILER_APPICON_NAME = AppIcon;
				CODE_SIGN_ENTITLEMENTS = "bitcoin-converter/Bitcoin Check.entitlements";
				CODE_SIGN_IDENTITY = "Apple Development";
				CODE_SIGN_STYLE = Automatic;
				DEVELOPMENT_TEAM = 9QG5EGL3K8;
				INFOPLIST_FILE = "$(SRCROOT)/bitcoin-converter/Info.plist";
				LD_RUNPATH_SEARCH_PATHS = (
					"$(inherited)",
					"@executable_path/Frameworks",
				);
				MARKETING_VERSION = 1.1.0;
				PRODUCT_BUNDLE_IDENTIFIER = "com.felipeweber.bitcoin-check";
				PRODUCT_NAME = "Bitcoin Check";
				PROVISIONING_PROFILE_SPECIFIER = "";
				SWIFT_VERSION = 5.0;
				TARGETED_DEVICE_FAMILY = 1;
			};
			name = Debug;
		};
		5565D1F9246F5FD9009EABD7 /* Release */ = {
			isa = XCBuildConfiguration;
			baseConfigurationReference = FF8FB3D520779A137D5BEF19 /* Pods-bitcoin-converter.release.xcconfig */;
			buildSettings = {
				ASSETCATALOG_COMPILER_APPICON_NAME = AppIcon;
				CODE_SIGN_ENTITLEMENTS = "bitcoin-converter/Bitcoin Check.entitlements";
				CODE_SIGN_IDENTITY = "Apple Development";
				CODE_SIGN_STYLE = Automatic;
				DEVELOPMENT_TEAM = 9QG5EGL3K8;
				INFOPLIST_FILE = "$(SRCROOT)/bitcoin-converter/Info.plist";
				LD_RUNPATH_SEARCH_PATHS = (
					"$(inherited)",
					"@executable_path/Frameworks",
				);
				MARKETING_VERSION = 1.1.0;
				PRODUCT_BUNDLE_IDENTIFIER = "com.felipeweber.bitcoin-check";
				PRODUCT_NAME = "Bitcoin Check";
				PROVISIONING_PROFILE_SPECIFIER = "";
				SWIFT_VERSION = 5.0;
				TARGETED_DEVICE_FAMILY = 1;
			};
			name = Release;
		};
		55D13A60247730E200A56E79 /* Debug */ = {
			isa = XCBuildConfiguration;
			baseConfigurationReference = B325508BA74EE27812C2220B /* Pods-bitcoin-converterTests.debug.xcconfig */;
			buildSettings = {
				BUNDLE_LOADER = "$(TEST_HOST)";
				CLANG_ENABLE_MODULES = YES;
				CODE_SIGN_STYLE = Automatic;
				DEVELOPMENT_TEAM = 9QG5EGL3K8;
				INFOPLIST_FILE = "bitcoin-converterTests/Info.plist";
				IPHONEOS_DEPLOYMENT_TARGET = 13.5;
				LD_RUNPATH_SEARCH_PATHS = (
					"$(inherited)",
					"@executable_path/Frameworks",
					"@loader_path/Frameworks",
				);
				PRODUCT_BUNDLE_IDENTIFIER = "com.felipeweber.bitcoin-converterTests";
				PRODUCT_NAME = "$(TARGET_NAME)";
				SWIFT_OPTIMIZATION_LEVEL = "-Onone";
				SWIFT_VERSION = 5.0;
				TARGETED_DEVICE_FAMILY = "1,2";
				TEST_HOST = "$(BUILT_PRODUCTS_DIR)/Bitcoin Check.app/Bitcoin Check";
			};
			name = Debug;
		};
		55D13A61247730E200A56E79 /* Release */ = {
			isa = XCBuildConfiguration;
			baseConfigurationReference = 30F2FE1CBED4D188DC42D55F /* Pods-bitcoin-converterTests.release.xcconfig */;
			buildSettings = {
				BUNDLE_LOADER = "$(TEST_HOST)";
				CLANG_ENABLE_MODULES = YES;
				CODE_SIGN_STYLE = Automatic;
				DEVELOPMENT_TEAM = 9QG5EGL3K8;
				INFOPLIST_FILE = "bitcoin-converterTests/Info.plist";
				IPHONEOS_DEPLOYMENT_TARGET = 13.5;
				LD_RUNPATH_SEARCH_PATHS = (
					"$(inherited)",
					"@executable_path/Frameworks",
					"@loader_path/Frameworks",
				);
				PRODUCT_BUNDLE_IDENTIFIER = "com.felipeweber.bitcoin-converterTests";
				PRODUCT_NAME = "$(TARGET_NAME)";
				SWIFT_VERSION = 5.0;
				TARGETED_DEVICE_FAMILY = "1,2";
				TEST_HOST = "$(BUILT_PRODUCTS_DIR)/Bitcoin Check.app/Bitcoin Check";
			};
			name = Release;
		};
/* End XCBuildConfiguration section */

/* Begin XCConfigurationList section */
		5565D1D3246F5FD6009EABD7 /* Build configuration list for PBXProject "bitcoin-converter" */ = {
			isa = XCConfigurationList;
			buildConfigurations = (
				5565D1F5246F5FD9009EABD7 /* Debug */,
				5565D1F6246F5FD9009EABD7 /* Release */,
			);
			defaultConfigurationIsVisible = 0;
			defaultConfigurationName = Release;
		};
		5565D1F7246F5FD9009EABD7 /* Build configuration list for PBXNativeTarget "bitcoin-converter" */ = {
			isa = XCConfigurationList;
			buildConfigurations = (
				5565D1F8246F5FD9009EABD7 /* Debug */,
				5565D1F9246F5FD9009EABD7 /* Release */,
			);
			defaultConfigurationIsVisible = 0;
			defaultConfigurationName = Release;
		};
		55D13A5F247730E200A56E79 /* Build configuration list for PBXNativeTarget "bitcoin-converterTests" */ = {
			isa = XCConfigurationList;
			buildConfigurations = (
				55D13A60247730E200A56E79 /* Debug */,
				55D13A61247730E200A56E79 /* Release */,
			);
			defaultConfigurationIsVisible = 0;
			defaultConfigurationName = Release;
		};
/* End XCConfigurationList section */

/* Begin XCVersionGroup section */
		551ED092247487970042DBBE /* bitcoin-converter.xcdatamodeld */ = {
			isa = XCVersionGroup;
			children = (
				551ED093247487970042DBBE /* bitcoin-converter.xcdatamodel */,
			);
			currentVersion = 551ED093247487970042DBBE /* bitcoin-converter.xcdatamodel */;
			path = "bitcoin-converter.xcdatamodeld";
			sourceTree = "<group>";
			versionGroupType = wrapper.xcdatamodel;
		};
/* End XCVersionGroup section */
	};
	rootObject = 5565D1D0246F5FD6009EABD7 /* Project object */;
}
